
Microsoft Visual Studio Solution File, Format Version 12.00
# Visual Studio Version 17
VisualStudioVersion = 17.9.34723.18
MinimumVisualStudioVersion = 10.0.40219.1
Project("{888888A0-9F3D-457C-B088-3A5042F75D52}") = "MapuMartbetav.0.0.4", "MapuMartbetav.0.0.4\MapuMartbetav.0.0.4.pyproj", "{5AA018B5-A0F9-40DE-A969-1F9F16350C69}"
EndProject
Global
	GlobalSection(SolutionConfigurationPlatforms) = preSolution
		Debug|Any CPU = Debug|Any CPU
		Release|Any CPU = Release|Any CPU
	EndGlobalSection
	GlobalSection(ProjectConfigurationPlatforms) = postSolution
		{5AA018B5-A0F9-40DE-A969-1F9F16350C69}.Debug|Any CPU.ActiveCfg = Debug|Any CPU
		{5AA018B5-A0F9-40DE-A969-1F9F16350C69}.Release|Any CPU.ActiveCfg = Release|Any CPU
	EndGlobalSection
	GlobalSection(SolutionProperties) = preSolution
		HideSolutionNode = FALSE
	EndGlobalSection
	GlobalSection(ExtensibilityGlobals) = postSolution
		SolutionGuid = {CFC3ADC7-FDBF-4032-A3D6-4DF1475B0084}
	EndGlobalSection
EndGlobal
